PODS:
  - cal_flutter_plugin (0.0.1):
    - FlutterMacOS
  - FlutterMacOS (1.0.0)

DEPENDENCIES:
  - cal_flutter_plugin (from `Flutter/ephemeral/.symlinks/plugins/cal_flutter_plugin/macos`)
  - FlutterMacOS (from `Flutter/ephemeral`)

EXTERNAL SOURCES:
  cal_flutter_plugin:
    :path: Flutter/ephemeral/.symlinks/plugins/cal_flutter_plugin/macos
  FlutterMacOS:
    :path: Flutter/ephemeral

SPEC CHECKSUMS:
  cal_flutter_plugin: 03d94b0377d7d7882190a20fbb8d30d110566eac
  FlutterMacOS: d0db08ddef1a9af05a5ec4b724367152bb0500b1

PODFILE CHECKSUM: 9ebaf0ce3d369aaa26a9ea0e159195ed94724cf3

COCOAPODS: 1.16.2
