{
  "name": "cal-node-example",
  "lockfileVersion": 3,
  "requires": true,
  "packages": {
    "": {
      "name": "cal-node-example",
      "dependencies": {
        "crypto-layer-node": "file:..",
        "crypto-layer-ts-types": "file:../../ts-types"
      },
      "devDependencies": {
        "@types/bun": "latest"
      },
      "peerDependencies": {
        "typescript": "^5.0.0"
      }
    },
    "..": {
      "name": "crypto-layer-node",
      "version": "0.1.0",
      "license": "MIT",
      "dependencies": {
        "@neon-rs/load": "^0.1.73",
        "crypto-layer-ts-types": "file:../ts-types"
      },
      "devDependencies": {
        "@jest/globals": "^29.7.0",
        "@neon-rs/cli": "^0.1.73",
        "@tsconfig/node20": "^20.1.4",
        "@types/jest": "^29.5.14",
        "@types/node": "^20.11.16",
        "jest": "^29.7.0",
        "ts-jest": "^29.2.5",
        "typescript": "^5.3.3"
      }
    },
    "../../ts-types": {
      "name": "crypto-layer-ts-types",
      "version": "0.1.0",
      "license": "MIT",
      "devDependencies": {
        "@types/node": "^22.9.1",
        "typescript": "^5.6.3"
      }
    },
    "node_modules/@types/bun": {
      "version": "1.1.14",
      "resolved": "https://registry.npmjs.org/@types/bun/-/bun-1.1.14.tgz",
      "integrity": "sha512-opVYiFGtO2af0dnWBdZWlioLBoxSdDO5qokaazLhq8XQtGZbY4pY3/JxY8Zdf/hEwGubbp7ErZXoN1+h2yesxA==",
      "dev": true,
      "license": "MIT",
      "dependencies": {
        "bun-types": "1.1.37"
      }
    },
    "node_modules/@types/node": {
      "version": "20.12.14",
      "dev": true,
      "license": "MIT",
      "dependencies": {
        "undici-types": "~5.26.4"
      }
    },
    "node_modules/@types/ws": {
      "version": "8.5.13",
      "dev": true,
      "license": "MIT",
      "dependencies": {
        "@types/node": "*"
      }
    },
    "node_modules/bun-types": {
      "version": "1.1.37",
      "dev": true,
      "license": "MIT",
      "dependencies": {
        "@types/node": "~20.12.8",
        "@types/ws": "~8.5.10"
      }
    },
    "node_modules/crypto-layer-node": {
      "resolved": "..",
      "link": true
    },
    "node_modules/crypto-layer-ts-types": {
      "resolved": "../../ts-types",
      "link": true
    },
    "node_modules/typescript": {
      "version": "5.7.2",
      "license": "Apache-2.0",
      "peer": true,
      "bin": {
        "tsc": "bin/tsc",
        "tsserver": "bin/tsserver"
      },
      "engines": {
        "node": ">=14.17"
      }
    },
    "node_modules/undici-types": {
      "version": "5.26.5",
      "dev": true,
      "license": "MIT"
    }
  }
}
